
Microsoft Visual Studio Solution File, Format Version 12.00
# Visual Studio Version 16
VisualStudioVersion = 16.0.29025.244
MinimumVisualStudioVersion = 10.0.40219.1
Project("{FAE04EC0-301F-11D3-BF4B-00C04F79EFBC}") = "IntoApp", "IntoApp\IntoApp.csproj", "{B5BA45F5-2972-4991-9AD3-449E451D68F0}"
EndProject
Project("{FAE04EC0-301F-11D3-BF4B-00C04F79EFBC}") = "IntoApp.Printer", "IntoApp.Printer\IntoApp.Printer.csproj", "{D6B95A34-8680-4C08-9A47-F6BDB6F3723F}"
EndProject
Project("{FAE04EC0-301F-11D3-BF4B-00C04F79EFBC}") = "IntoApp.Bll", "IntoApp.Bll\IntoApp.Bll.csproj", "{71064BB8-3385-462D-84B0-578AE02361DF}"
EndProject
Project("{FAE04EC0-301F-11D3-BF4B-00C04F79EFBC}") = "IntoApp.Dal", "IntoApp.Dal\IntoApp.Dal.csproj", "{0226E93D-5F96-4AB7-AF21-58F2BA832CFF}"
EndProject
Project("{FAE04EC0-301F-11D3-BF4B-00C04F79EFBC}") = "IntoApp.Common", "IntoApp.Common\IntoApp.Common.csproj", "{B1151023-9151-4B67-B555-70CBD3E58698}"
EndProject
Project("{FAE04EC0-301F-11D3-BF4B-00C04F79EFBC}") = "IntoApp.Controls", "IntoApp.Controls\IntoApp.Controls.csproj", "{750E6F3B-0A2B-495D-91E9-B08939896C4E}"
EndProject
Project("{FAE04EC0-301F-11D3-BF4B-00C04F79EFBC}") = "IntoApp.Core", "IntoApp.Core\IntoApp.Core.csproj", "{4E01FECA-6E7E-4B19-B700-E1F15EBB8CAA}"
EndProject
Project("{FAE04EC0-301F-11D3-BF4B-00C04F79EFBC}") = "Skin.Core", "Skin.Core\Skin.Core.csproj", "{13DA6558-356B-47B9-96F2-FE4D5457CB02}"
EndProject
Project("{FAE04EC0-301F-11D3-BF4B-00C04F79EFBC}") = "Skin.WPF", "Skin.WPF\Skin.WPF.csproj", "{168352B1-6A0C-4C9C-8A32-68B512DA3CFC}"
EndProject
Project("{FAE04EC0-301F-11D3-BF4B-00C04F79EFBC}") = "MyMessageBox", "MyMessageBox\MyMessageBox.csproj", "{28A41674-1CE8-455A-A9FF-647A0EDEF7A2}"
EndProject
Project("{FAE04EC0-301F-11D3-BF4B-00C04F79EFBC}") = "IntoApp.AutoUpdate", "IntoApp.AutoUpdate\IntoApp.AutoUpdate.csproj", "{E077167A-1EB9-4B6D-9B2C-825606C8CB2D}"
EndProject
Project("{FAE04EC0-301F-11D3-BF4B-00C04F79EFBC}") = "WPFPdfViewer", "WPFPdfViewer\WPFPdfViewer.csproj", "{7B1A509D-F38C-424F-9C81-4567635C3F31}"
EndProject
Global
	GlobalSection(SolutionConfigurationPlatforms) = preSolution
		Debug|Any CPU = Debug|Any CPU
		Debug|x86 = Debug|x86
		Release|Any CPU = Release|Any CPU
		Release|x86 = Release|x86
	EndGlobalSection
	GlobalSection(ProjectConfigurationPlatforms) = postSolution
		{B5BA45F5-2972-4991-9AD3-449E451D68F0}.Debug|Any CPU.ActiveCfg = Debug|x86
		{B5BA45F5-2972-4991-9AD3-449E451D68F0}.Debug|x86.ActiveCfg = Debug|x86
		{B5BA45F5-2972-4991-9AD3-449E451D68F0}.Debug|x86.Build.0 = Debug|x86
		{B5BA45F5-2972-4991-9AD3-449E451D68F0}.Release|Any CPU.ActiveCfg = Release|x86
		{B5BA45F5-2972-4991-9AD3-449E451D68F0}.Release|x86.ActiveCfg = Release|x86
		{B5BA45F5-2972-4991-9AD3-449E451D68F0}.Release|x86.Build.0 = Release|x86
		{D6B95A34-8680-4C08-9A47-F6BDB6F3723F}.Debug|Any CPU.ActiveCfg = Debug|Any CPU
		{D6B95A34-8680-4C08-9A47-F6BDB6F3723F}.Debug|Any CPU.Build.0 = Debug|Any CPU
		{D6B95A34-8680-4C08-9A47-F6BDB6F3723F}.Debug|x86.ActiveCfg = Debug|Any CPU
		{D6B95A34-8680-4C08-9A47-F6BDB6F3723F}.Debug|x86.Build.0 = Debug|Any CPU
		{D6B95A34-8680-4C08-9A47-F6BDB6F3723F}.Release|Any CPU.ActiveCfg = Release|Any CPU
		{D6B95A34-8680-4C08-9A47-F6BDB6F3723F}.Release|Any CPU.Build.0 = Release|Any CPU
		{D6B95A34-8680-4C08-9A47-F6BDB6F3723F}.Release|x86.ActiveCfg = Release|Any CPU
		{D6B95A34-8680-4C08-9A47-F6BDB6F3723F}.Release|x86.Build.0 = Release|Any CPU
		{71064BB8-3385-462D-84B0-578AE02361DF}.Debug|Any CPU.ActiveCfg = Debug|Any CPU
		{71064BB8-3385-462D-84B0-578AE02361DF}.Debug|Any CPU.Build.0 = Debug|Any CPU
		{71064BB8-3385-462D-84B0-578AE02361DF}.Debug|x86.ActiveCfg = Debug|Any CPU
		{71064BB8-3385-462D-84B0-578AE02361DF}.Debug|x86.Build.0 = Debug|Any CPU
		{71064BB8-3385-462D-84B0-578AE02361DF}.Release|Any CPU.ActiveCfg = Release|Any CPU
		{71064BB8-3385-462D-84B0-578AE02361DF}.Release|Any CPU.Build.0 = Release|Any CPU
		{71064BB8-3385-462D-84B0-578AE02361DF}.Release|x86.ActiveCfg = Release|Any CPU
		{71064BB8-3385-462D-84B0-578AE02361DF}.Release|x86.Build.0 = Release|Any CPU
		{0226E93D-5F96-4AB7-AF21-58F2BA832CFF}.Debug|Any CPU.ActiveCfg = Debug|Any CPU
		{0226E93D-5F96-4AB7-AF21-58F2BA832CFF}.Debug|Any CPU.Build.0 = Debug|Any CPU
		{0226E93D-5F96-4AB7-AF21-58F2BA832CFF}.Debug|x86.ActiveCfg = Debug|Any CPU
		{0226E93D-5F96-4AB7-AF21-58F2BA832CFF}.Debug|x86.Build.0 = Debug|Any CPU
		{0226E93D-5F96-4AB7-AF21-58F2BA832CFF}.Release|Any CPU.ActiveCfg = Release|Any CPU
		{0226E93D-5F96-4AB7-AF21-58F2BA832CFF}.Release|Any CPU.Build.0 = Release|Any CPU
		{0226E93D-5F96-4AB7-AF21-58F2BA832CFF}.Release|x86.ActiveCfg = Release|Any CPU
		{0226E93D-5F96-4AB7-AF21-58F2BA832CFF}.Release|x86.Build.0 = Release|Any CPU
		{B1151023-9151-4B67-B555-70CBD3E58698}.Debug|Any CPU.ActiveCfg = Debug|Any CPU
		{B1151023-9151-4B67-B555-70CBD3E58698}.Debug|Any CPU.Build.0 = Debug|Any CPU
		{B1151023-9151-4B67-B555-70CBD3E58698}.Debug|x86.ActiveCfg = Debug|Any CPU
		{B1151023-9151-4B67-B555-70CBD3E58698}.Debug|x86.Build.0 = Debug|Any CPU
		{B1151023-9151-4B67-B555-70CBD3E58698}.Release|Any CPU.ActiveCfg = Release|Any CPU
		{B1151023-9151-4B67-B555-70CBD3E58698}.Release|Any CPU.Build.0 = Release|Any CPU
		{B1151023-9151-4B67-B555-70CBD3E58698}.Release|x86.ActiveCfg = Release|Any CPU
		{B1151023-9151-4B67-B555-70CBD3E58698}.Release|x86.Build.0 = Release|Any CPU
		{750E6F3B-0A2B-495D-91E9-B08939896C4E}.Debug|Any CPU.ActiveCfg = Debug|Any CPU
		{750E6F3B-0A2B-495D-91E9-B08939896C4E}.Debug|Any CPU.Build.0 = Debug|Any CPU
		{750E6F3B-0A2B-495D-91E9-B08939896C4E}.Debug|x86.ActiveCfg = Debug|Any CPU
		{750E6F3B-0A2B-495D-91E9-B08939896C4E}.Debug|x86.Build.0 = Debug|Any CPU
		{750E6F3B-0A2B-495D-91E9-B08939896C4E}.Release|Any CPU.ActiveCfg = Release|Any CPU
		{750E6F3B-0A2B-495D-91E9-B08939896C4E}.Release|Any CPU.Build.0 = Release|Any CPU
		{750E6F3B-0A2B-495D-91E9-B08939896C4E}.Release|x86.ActiveCfg = Release|Any CPU
		{750E6F3B-0A2B-495D-91E9-B08939896C4E}.Release|x86.Build.0 = Release|Any CPU
		{4E01FECA-6E7E-4B19-B700-E1F15EBB8CAA}.Debug|Any CPU.ActiveCfg = Debug|Any CPU
		{4E01FECA-6E7E-4B19-B700-E1F15EBB8CAA}.Debug|Any CPU.Build.0 = Debug|Any CPU
		{4E01FECA-6E7E-4B19-B700-E1F15EBB8CAA}.Debug|x86.ActiveCfg = Debug|Any CPU
		{4E01FECA-6E7E-4B19-B700-E1F15EBB8CAA}.Debug|x86.Build.0 = Debug|Any CPU
		{4E01FECA-6E7E-4B19-B700-E1F15EBB8CAA}.Release|Any CPU.ActiveCfg = Release|Any CPU
		{4E01FECA-6E7E-4B19-B700-E1F15EBB8CAA}.Release|Any CPU.Build.0 = Release|Any CPU
		{4E01FECA-6E7E-4B19-B700-E1F15EBB8CAA}.Release|x86.ActiveCfg = Release|Any CPU
		{4E01FECA-6E7E-4B19-B700-E1F15EBB8CAA}.Release|x86.Build.0 = Release|Any CPU
		{13DA6558-356B-47B9-96F2-FE4D5457CB02}.Debug|Any CPU.ActiveCfg = Debug|Any CPU
		{13DA6558-356B-47B9-96F2-FE4D5457CB02}.Debug|Any CPU.Build.0 = Debug|Any CPU
		{13DA6558-356B-47B9-96F2-FE4D5457CB02}.Debug|x86.ActiveCfg = Debug|x86
		{13DA6558-356B-47B9-96F2-FE4D5457CB02}.Debug|x86.Build.0 = Debug|x86
		{13DA6558-356B-47B9-96F2-FE4D5457CB02}.Release|Any CPU.ActiveCfg = Release|Any CPU
		{13DA6558-356B-47B9-96F2-FE4D5457CB02}.Release|Any CPU.Build.0 = Release|Any CPU
		{13DA6558-356B-47B9-96F2-FE4D5457CB02}.Release|x86.ActiveCfg = Release|x86
		{13DA6558-356B-47B9-96F2-FE4D5457CB02}.Release|x86.Build.0 = Release|x86
		{168352B1-6A0C-4C9C-8A32-68B512DA3CFC}.Debug|Any CPU.ActiveCfg = Debug|Any CPU
		{168352B1-6A0C-4C9C-8A32-68B512DA3CFC}.Debug|Any CPU.Build.0 = Debug|Any CPU
		{168352B1-6A0C-4C9C-8A32-68B512DA3CFC}.Debug|x86.ActiveCfg = Debug|x86
		{168352B1-6A0C-4C9C-8A32-68B512DA3CFC}.Debug|x86.Build.0 = Debug|x86
		{168352B1-6A0C-4C9C-8A32-68B512DA3CFC}.Release|Any CPU.ActiveCfg = Release|Any CPU
		{168352B1-6A0C-4C9C-8A32-68B512DA3CFC}.Release|Any CPU.Build.0 = Release|Any CPU
		{168352B1-6A0C-4C9C-8A32-68B512DA3CFC}.Release|x86.ActiveCfg = Release|x86
		{168352B1-6A0C-4C9C-8A32-68B512DA3CFC}.Release|x86.Build.0 = Release|x86
		{28A41674-1CE8-455A-A9FF-647A0EDEF7A2}.Debug|Any CPU.ActiveCfg = Debug|Any CPU
		{28A41674-1CE8-455A-A9FF-647A0EDEF7A2}.Debug|Any CPU.Build.0 = Debug|Any CPU
		{28A41674-1CE8-455A-A9FF-647A0EDEF7A2}.Debug|x86.ActiveCfg = Debug|Any CPU
		{28A41674-1CE8-455A-A9FF-647A0EDEF7A2}.Debug|x86.Build.0 = Debug|Any CPU
		{28A41674-1CE8-455A-A9FF-647A0EDEF7A2}.Release|Any CPU.ActiveCfg = Release|Any CPU
		{28A41674-1CE8-455A-A9FF-647A0EDEF7A2}.Release|Any CPU.Build.0 = Release|Any CPU
		{28A41674-1CE8-455A-A9FF-647A0EDEF7A2}.Release|x86.ActiveCfg = Release|Any CPU
		{28A41674-1CE8-455A-A9FF-647A0EDEF7A2}.Release|x86.Build.0 = Release|Any CPU
		{E077167A-1EB9-4B6D-9B2C-825606C8CB2D}.Debug|Any CPU.ActiveCfg = Debug|Any CPU
		{E077167A-1EB9-4B6D-9B2C-825606C8CB2D}.Debug|Any CPU.Build.0 = Debug|Any CPU
		{E077167A-1EB9-4B6D-9B2C-825606C8CB2D}.Debug|x86.ActiveCfg = Debug|Any CPU
		{E077167A-1EB9-4B6D-9B2C-825606C8CB2D}.Debug|x86.Build.0 = Debug|Any CPU
		{E077167A-1EB9-4B6D-9B2C-825606C8CB2D}.Release|Any CPU.ActiveCfg = Release|Any CPU
		{E077167A-1EB9-4B6D-9B2C-825606C8CB2D}.Release|Any CPU.Build.0 = Release|Any CPU
		{E077167A-1EB9-4B6D-9B2C-825606C8CB2D}.Release|x86.ActiveCfg = Release|Any CPU
		{E077167A-1EB9-4B6D-9B2C-825606C8CB2D}.Release|x86.Build.0 = Release|Any CPU
		{7B1A509D-F38C-424F-9C81-4567635C3F31}.Debug|Any CPU.ActiveCfg = Debug|Any CPU
		{7B1A509D-F38C-424F-9C81-4567635C3F31}.Debug|Any CPU.Build.0 = Debug|Any CPU
		{7B1A509D-F38C-424F-9C81-4567635C3F31}.Debug|x86.ActiveCfg = Debug|Any CPU
		{7B1A509D-F38C-424F-9C81-4567635C3F31}.Debug|x86.Build.0 = Debug|Any CPU
		{7B1A509D-F38C-424F-9C81-4567635C3F31}.Release|Any CPU.ActiveCfg = Release|Any CPU
		{7B1A509D-F38C-424F-9C81-4567635C3F31}.Release|Any CPU.Build.0 = Release|Any CPU
		{7B1A509D-F38C-424F-9C81-4567635C3F31}.Release|x86.ActiveCfg = Release|Any CPU
		{7B1A509D-F38C-424F-9C81-4567635C3F31}.Release|x86.Build.0 = Release|Any CPU
	EndGlobalSection
	GlobalSection(SolutionProperties) = preSolution
		HideSolutionNode = FALSE
	EndGlobalSection
	GlobalSection(ExtensibilityGlobals) = postSolution
		SolutionGuid = {26BBEFCD-2E8F-4F7B-81CB-6E51D23FDBE5}
	EndGlobalSection
EndGlobal
